
Microsoft Visual Studio Solution File, Format Version 12.00
# Visual Studio Version 17
VisualStudioVersion = 17.6.33712.159
MinimumVisualStudioVersion = 10.0.40219.1
Project("{FAE04EC0-301F-11D3-BF4B-00C04F79EFBC}") = "ForumProject", "ForumProject\ForumProject.csproj", "{34C965AA-BC0C-4996-9DEA-2133C395307F}"
EndProject
Global
	GlobalSection(SolutionConfigurationPlatforms) = preSolution
		Debug|Any CPU = Debug|Any CPU
		Release|Any CPU = Release|Any CPU
	EndGlobalSection
	GlobalSection(ProjectConfigurationPlatforms) = postSolution
		{34C965AA-BC0C-4996-9DEA-2133C395307F}.Debug|Any CPU.ActiveCfg = Debug|Any CPU
		{34C965AA-BC0C-4996-9DEA-2133C395307F}.Debug|Any CPU.Build.0 = Debug|Any CPU
		{34C965AA-BC0C-4996-9DEA-2133C395307F}.Release|Any CPU.ActiveCfg = Release|Any CPU
		{34C965AA-BC0C-4996-9DEA-2133C395307F}.Release|Any CPU.Build.0 = Release|Any CPU
	EndGlobalSection
	GlobalSection(SolutionProperties) = preSolution
		HideSolutionNode = FALSE
	EndGlobalSection
	GlobalSection(ExtensibilityGlobals) = postSolution
		SolutionGuid = {E32658D0-0EAA-4894-871D-63B1D3ED4DA3}
	EndGlobalSection
EndGlobal
